
Microsoft Visual Studio Solution File, Format Version 12.00
# Visual Studio Version 17
VisualStudioVersion = 17.9.34607.119
MinimumVisualStudioVersion = 10.0.40219.1
Project("{FAE04EC0-301F-11D3-BF4B-00C04F79EFBC}") = "SS14 paper_photo", "SS14 paper_photo.csproj", "{468F8941-6C48-4BF0-BB96-91D3C2AE8E33}"
EndProject
Global
	GlobalSection(SolutionConfigurationPlatforms) = preSolution
		Debug|Any CPU = Debug|Any CPU
		Release|Any CPU = Release|Any CPU
	EndGlobalSection
	GlobalSection(ProjectConfigurationPlatforms) = postSolution
		{468F8941-6C48-4BF0-BB96-91D3C2AE8E33}.Debug|Any CPU.ActiveCfg = Debug|Any CPU
		{468F8941-6C48-4BF0-BB96-91D3C2AE8E33}.Debug|Any CPU.Build.0 = Debug|Any CPU
		{468F8941-6C48-4BF0-BB96-91D3C2AE8E33}.Release|Any CPU.ActiveCfg = Release|Any CPU
		{468F8941-6C48-4BF0-BB96-91D3C2AE8E33}.Release|Any CPU.Build.0 = Release|Any CPU
	EndGlobalSection
	GlobalSection(SolutionProperties) = preSolution
		HideSolutionNode = FALSE
	EndGlobalSection
	GlobalSection(ExtensibilityGlobals) = postSolution
		SolutionGuid = {621B7096-E69E-4BA8-8D19-587AEF30C46C}
	EndGlobalSection
EndGlobal
